// !$*UTF8*$!
{
	archiveVersion = 1;
	classes = {
	};
	objectVersion = 56;
	objects = {

/* Begin PBXBuildFile section */
		F4A2A16F2A34CB0400805983 /* WeatherApp.swift in Sources */ = {isa = PBXBuildFile; fileRef = F4A2A16E2A34CB0400805983 /* WeatherApp.swift */; };
		F4A2A1712A34CB0400805983 /* CurrentWeatherView.swift in Sources */ = {isa = PBXBuildFile; fileRef = F4A2A1702A34CB0400805983 /* CurrentWeatherView.swift */; };
		F4A2A1732A34CB0500805983 /* Assets.xcassets in Resources */ = {isa = PBXBuildFile; fileRef = F4A2A1722A34CB0500805983 /* Assets.xcassets */; };
		F4A2A1762A34CB0500805983 /* Preview Assets.xcassets in Resources */ = {isa = PBXBuildFile; fileRef = F4A2A1752A34CB0500805983 /* Preview Assets.xcassets */; };
		F4A2A1802A34CB0500805983 /* WeatherTests.swift in Sources */ = {isa = PBXBuildFile; fileRef = F4A2A17F2A34CB0500805983 /* WeatherTests.swift */; };
		F4A2A18A2A34CB0500805983 /* WeatherUITests.swift in Sources */ = {isa = PBXBuildFile; fileRef = F4A2A1892A34CB0500805983 /* WeatherUITests.swift */; };
		F4A2A18C2A34CB0500805983 /* WeatherUITestsLaunchTests.swift in Sources */ = {isa = PBXBuildFile; fileRef = F4A2A18B2A34CB0500805983 /* WeatherUITestsLaunchTests.swift */; };
		F4A2A1992A34D5B200805983 /* URLRequesting.swift in Sources */ = {isa = PBXBuildFile; fileRef = F4A2A1982A34D5B200805983 /* URLRequesting.swift */; };
		F4A2A19B2A34D64800805983 /* WeatherRequester.swift in Sources */ = {isa = PBXBuildFile; fileRef = F4A2A19A2A34D64800805983 /* WeatherRequester.swift */; };
		F4A2A19D2A34D89A00805983 /* CurrentWeatherResponseModel.swift in Sources */ = {isa = PBXBuildFile; fileRef = F4A2A19C2A34D89A00805983 /* CurrentWeatherResponseModel.swift */; };
		F4A2A1A52A34DFB300805983 /* WeatherDataManager.swift in Sources */ = {isa = PBXBuildFile; fileRef = F4A2A1A42A34DFB300805983 /* WeatherDataManager.swift */; };
		F4A2A1A92A34E5B100805983 /* LocationManager.swift in Sources */ = {isa = PBXBuildFile; fileRef = F4A2A1A82A34E5B100805983 /* LocationManager.swift */; };
/* End PBXBuildFile section */

/* Begin PBXContainerItemProxy section */
		F4A2A17C2A34CB0500805983 /* PBXContainerItemProxy */ = {
			isa = PBXContainerItemProxy;
			containerPortal = F4A2A1632A34CB0400805983 /* Project object */;
			proxyType = 1;
			remoteGlobalIDString = F4A2A16A2A34CB0400805983;
			remoteInfo = Weather;
		};
		F4A2A1862A34CB0500805983 /* PBXContainerItemProxy */ = {
			isa = PBXContainerItemProxy;
			containerPortal = F4A2A1632A34CB0400805983 /* Project object */;
			proxyType = 1;
			remoteGlobalIDString = F4A2A16A2A34CB0400805983;
			remoteInfo = Weather;
		};
/* End PBXContainerItemProxy section */

/* Begin PBXFileReference section */
		F4A2A16B2A34CB0400805983 /* Weather.app */ = {isa = PBXFileReference; explicitFileType = wrapper.application; includeInIndex = 0; path = Weather.app; sourceTree = BUILT_PRODUCTS_DIR; };
		F4A2A16E2A34CB0400805983 /* WeatherApp.swift */ = {isa = PBXFileReference; lastKnownFileType = sourcecode.swift; path = WeatherApp.swift; sourceTree = "<group>"; };
		F4A2A1702A34CB0400805983 /* CurrentWeatherView.swift */ = {isa = PBXFileReference; lastKnownFileType = sourcecode.swift; path = CurrentWeatherView.swift; sourceTree = "<group>"; };
		F4A2A1722A34CB0500805983 /* Assets.xcassets */ = {isa = PBXFileReference; lastKnownFileType = folder.assetcatalog; path = Assets.xcassets; sourceTree = "<group>"; };
		F4A2A1752A34CB0500805983 /* Preview Assets.xcassets */ = {isa = PBXFileReference; lastKnownFileType = folder.assetcatalog; path = "Preview Assets.xcassets"; sourceTree = "<group>"; };
		F4A2A17B2A34CB0500805983 /* WeatherTests.xctest */ = {isa = PBXFileReference; explicitFileType = wrapper.cfbundle; includeInIndex = 0; path = WeatherTests.xctest; sourceTree = BUILT_PRODUCTS_DIR; };
		F4A2A17F2A34CB0500805983 /* WeatherTests.swift */ = {isa = PBXFileReference; lastKnownFileType = sourcecode.swift; path = WeatherTests.swift; sourceTree = "<group>"; };
		F4A2A1852A34CB0500805983 /* WeatherUITests.xctest */ = {isa = PBXFileReference; explicitFileType = wrapper.cfbundle; includeInIndex = 0; path = WeatherUITests.xctest; sourceTree = BUILT_PRODUCTS_DIR; };
		F4A2A1892A34CB0500805983 /* WeatherUITests.swift */ = {isa = PBXFileReference; lastKnownFileType = sourcecode.swift; path = WeatherUITests.swift; sourceTree = "<group>"; };
		F4A2A18B2A34CB0500805983 /* WeatherUITestsLaunchTests.swift */ = {isa = PBXFileReference; lastKnownFileType = sourcecode.swift; path = WeatherUITestsLaunchTests.swift; sourceTree = "<group>"; };
		F4A2A1982A34D5B200805983 /* URLRequesting.swift */ = {isa = PBXFileReference; lastKnownFileType = sourcecode.swift; path = URLRequesting.swift; sourceTree = "<group>"; };
		F4A2A19A2A34D64800805983 /* WeatherRequester.swift */ = {isa = PBXFileReference; lastKnownFileType = sourcecode.swift; path = WeatherRequester.swift; sourceTree = "<group>"; };
		F4A2A19C2A34D89A00805983 /* CurrentWeatherResponseModel.swift */ = {isa = PBXFileReference; lastKnownFileType = sourcecode.swift; path = CurrentWeatherResponseModel.swift; sourceTree = "<group>"; };
		F4A2A1A42A34DFB300805983 /* WeatherDataManager.swift */ = {isa = PBXFileReference; lastKnownFileType = sourcecode.swift; path = WeatherDataManager.swift; sourceTree = "<group>"; };
		F4A2A1A82A34E5B100805983 /* LocationManager.swift */ = {isa = PBXFileReference; lastKnownFileType = sourcecode.swift; path = LocationManager.swift; sourceTree = "<group>"; };
/* End PBXFileReference section */

/* Begin PBXFrameworksBuildPhase section */
		F4A2A1682A34CB0400805983 /* Frameworks */ = {
			isa = PBXFrameworksBuildPhase;
			buildActionMask = 2147483647;
			files = (
			);
			runOnlyForDeploymentPostprocessing = 0;
		};
		F4A2A1782A34CB0500805983 /* Frameworks */ = {
			isa = PBXFrameworksBuildPhase;
			buildActionMask = 2147483647;
			files = (
			);
			runOnlyForDeploymentPostprocessing = 0;
		};
		F4A2A1822A34CB0500805983 /* Frameworks */ = {
			isa = PBXFrameworksBuildPhase;
			buildActionMask = 2147483647;
			files = (
			);
			runOnlyForDeploymentPostprocessing = 0;
		};
/* End PBXFrameworksBuildPhase section */

/* Begin PBXGroup section */
		F4A2A1622A34CB0400805983 = {
			isa = PBXGroup;
			children = (
				F4A2A16D2A34CB0400805983 /* Weather */,
				F4A2A17E2A34CB0500805983 /* WeatherTests */,
				F4A2A1882A34CB0500805983 /* WeatherUITests */,
				F4A2A16C2A34CB0400805983 /* Products */,
			);
			sourceTree = "<group>";
		};
		F4A2A16C2A34CB0400805983 /* Products */ = {
			isa = PBXGroup;
			children = (
				F4A2A16B2A34CB0400805983 /* Weather.app */,
				F4A2A17B2A34CB0500805983 /* WeatherTests.xctest */,
				F4A2A1852A34CB0500805983 /* WeatherUITests.xctest */,
			);
			name = Products;
			sourceTree = "<group>";
		};
		F4A2A16D2A34CB0400805983 /* Weather */ = {
			isa = PBXGroup;
			children = (
				F4A2A16E2A34CB0400805983 /* WeatherApp.swift */,
				F4A2A1702A34CB0400805983 /* CurrentWeatherView.swift */,
				F4A2A1A62A34DFBA00805983 /* Data management */,
				F4A2A19E2A34D96800805983 /* Network */,
				F4A2A1722A34CB0500805983 /* Assets.xcassets */,
				F4A2A1742A34CB0500805983 /* Preview Content */,
			);
			path = Weather;
			sourceTree = "<group>";
		};
		F4A2A1742A34CB0500805983 /* Preview Content */ = {
			isa = PBXGroup;
			children = (
				F4A2A1752A34CB0500805983 /* Preview Assets.xcassets */,
			);
			path = "Preview Content";
			sourceTree = "<group>";
		};
		F4A2A17E2A34CB0500805983 /* WeatherTests */ = {
			isa = PBXGroup;
			children = (
				F4A2A17F2A34CB0500805983 /* WeatherTests.swift */,
			);
			path = WeatherTests;
			sourceTree = "<group>";
		};
		F4A2A1882A34CB0500805983 /* WeatherUITests */ = {
			isa = PBXGroup;
			children = (
				F4A2A1892A34CB0500805983 /* WeatherUITests.swift */,
				F4A2A18B2A34CB0500805983 /* WeatherUITestsLaunchTests.swift */,
			);
			path = WeatherUITests;
			sourceTree = "<group>";
		};
		F4A2A19E2A34D96800805983 /* Network */ = {
			isa = PBXGroup;
			children = (
				F4A2A1982A34D5B200805983 /* URLRequesting.swift */,
				F4A2A19F2A34D97600805983 /* WeatherRequester */,
			);
			path = Network;
			sourceTree = "<group>";
		};
		F4A2A19F2A34D97600805983 /* WeatherRequester */ = {
			isa = PBXGroup;
			children = (
				F4A2A19A2A34D64800805983 /* WeatherRequester.swift */,
				F4A2A19C2A34D89A00805983 /* CurrentWeatherResponseModel.swift */,
			);
			path = WeatherRequester;
			sourceTree = "<group>";
		};
		F4A2A1A62A34DFBA00805983 /* Data management */ = {
			isa = PBXGroup;
			children = (
				F4A2A1A42A34DFB300805983 /* WeatherDataManager.swift */,
				F4A2A1A82A34E5B100805983 /* LocationManager.swift */,
			);
			path = "Data management";
			sourceTree = "<group>";
		};
		F4A2A1A72A34E10E00805983 /* Views */ = {
			isa = PBXGroup;
			children = (
				F4A2A1A22A34DF1500805983 /* LoadingView.swift */,
				F4A2A1702A34CB0400805983 /* CurrentWeatherView.swift */,
			);
			path = Views;
			sourceTree = "<group>";
		};
/* End PBXGroup section */

/* Begin PBXNativeTarget section */
		F4A2A16A2A34CB0400805983 /* Weather */ = {
			isa = PBXNativeTarget;
			buildConfigurationList = F4A2A18F2A34CB0500805983 /* Build configuration list for PBXNativeTarget "Weather" */;
			buildPhases = (
				F4A2A1672A34CB0400805983 /* Sources */,
				F4A2A1682A34CB0400805983 /* Frameworks */,
				F4A2A1692A34CB0400805983 /* Resources */,
			);
			buildRules = (
			);
			dependencies = (
			);
			name = Weather;
			productName = Weather;
			productReference = F4A2A16B2A34CB0400805983 /* Weather.app */;
			productType = "com.apple.product-type.application";
		};
		F4A2A17A2A34CB0500805983 /* WeatherTests */ = {
			isa = PBXNativeTarget;
			buildConfigurationList = F4A2A1922A34CB0500805983 /* Build configuration list for PBXNativeTarget "WeatherTests" */;
			buildPhases = (
				F4A2A1772A34CB0500805983 /* Sources */,
				F4A2A1782A34CB0500805983 /* Frameworks */,
				F4A2A1792A34CB0500805983 /* Resources */,
			);
			buildRules = (
			);
			dependencies = (
				F4A2A17D2A34CB0500805983 /* PBXTargetDependency */,
			);
			name = WeatherTests;
			productName = WeatherTests;
			productReference = F4A2A17B2A34CB0500805983 /* WeatherTests.xctest */;
			productType = "com.apple.product-type.bundle.unit-test";
		};
		F4A2A1842A34CB0500805983 /* WeatherUITests */ = {
			isa = PBXNativeTarget;
			buildConfigurationList = F4A2A1952A34CB0500805983 /* Build configuration list for PBXNativeTarget "WeatherUITests" */;
			buildPhases = (
				F4A2A1812A34CB0500805983 /* Sources */,
				F4A2A1822A34CB0500805983 /* Frameworks */,
				F4A2A1832A34CB0500805983 /* Resources */,
			);
			buildRules = (
			);
			dependencies = (
				F4A2A1872A34CB0500805983 /* PBXTargetDependency */,
			);
			name = WeatherUITests;
			productName = WeatherUITests;
			productReference = F4A2A1852A34CB0500805983 /* WeatherUITests.xctest */;
			productType = "com.apple.product-type.bundle.ui-testing";
		};
/* End PBXNativeTarget section */

/* Begin PBXProject section */
		F4A2A1632A34CB0400805983 /* Project object */ = {
			isa = PBXProject;
			attributes = {
				BuildIndependentTargetsInParallel = 1;
				LastSwiftUpdateCheck = 1430;
				LastUpgradeCheck = 1430;
				TargetAttributes = {
					F4A2A16A2A34CB0400805983 = {
						CreatedOnToolsVersion = 14.3.1;
					};
					F4A2A17A2A34CB0500805983 = {
						CreatedOnToolsVersion = 14.3.1;
						TestTargetID = F4A2A16A2A34CB0400805983;
					};
					F4A2A1842A34CB0500805983 = {
						CreatedOnToolsVersion = 14.3.1;
						TestTargetID = F4A2A16A2A34CB0400805983;
					};
				};
			};
			buildConfigurationList = F4A2A1662A34CB0400805983 /* Build configuration list for PBXProject "Weather" */;
			compatibilityVersion = "Xcode 14.0";
			developmentRegion = en;
			hasScannedForEncodings = 0;
			knownRegions = (
				en,
				Base,
			);
			mainGroup = F4A2A1622A34CB0400805983;
			productRefGroup = F4A2A16C2A34CB0400805983 /* Products */;
			projectDirPath = "";
			projectRoot = "";
			targets = (
				F4A2A16A2A34CB0400805983 /* Weather */,
				F4A2A17A2A34CB0500805983 /* WeatherTests */,
				F4A2A1842A34CB0500805983 /* WeatherUITests */,
			);
		};
/* End PBXProject section */

/* Begin PBXResourcesBuildPhase section */
		F4A2A1692A34CB0400805983 /* Resources */ = {
			isa = PBXResourcesBuildPhase;
			buildActionMask = 2147483647;
			files = (
				F4A2A1762A34CB0500805983 /* Preview Assets.xcassets in Resources */,
				F4A2A1732A34CB0500805983 /* Assets.xcassets in Resources */,
			);
			runOnlyForDeploymentPostprocessing = 0;
		};
		F4A2A1792A34CB0500805983 /* Resources */ = {
			isa = PBXResourcesBuildPhase;
			buildActionMask = 2147483647;
			files = (
			);
			runOnlyForDeploymentPostprocessing = 0;
		};
		F4A2A1832A34CB0500805983 /* Resources */ = {
			isa = PBXResourcesBuildPhase;
			buildActionMask = 2147483647;
			files = (
			);
			runOnlyForDeploymentPostprocessing = 0;
		};
/* End PBXResourcesBuildPhase section */

/* Begin PBXSourcesBuildPhase section */
		F4A2A1672A34CB0400805983 /* Sources */ = {
			isa = PBXSourcesBuildPhase;
			buildActionMask = 2147483647;
			files = (
				F4A2A1992A34D5B200805983 /* URLRequesting.swift in Sources */,
				F4A2A1A52A34DFB300805983 /* WeatherDataManager.swift in Sources */,
				F4A2A19B2A34D64800805983 /* WeatherRequester.swift in Sources */,
				F4A2A1712A34CB0400805983 /* CurrentWeatherView.swift in Sources */,
				F4A2A1A92A34E5B100805983 /* LocationManager.swift in Sources */,
				F4A2A19D2A34D89A00805983 /* CurrentWeatherResponseModel.swift in Sources */,
				F4A2A16F2A34CB0400805983 /* WeatherApp.swift in Sources */,
			);
			runOnlyForDeploymentPostprocessing = 0;
		};
		F4A2A1772A34CB0500805983 /* Sources */ = {
			isa = PBXSourcesBuildPhase;
			buildActionMask = 2147483647;
			files = (
				F4A2A1802A34CB0500805983 /* WeatherTests.swift in Sources */,
			);
			runOnlyForDeploymentPostprocessing = 0;
		};
		F4A2A1812A34CB0500805983 /* Sources */ = {
			isa = PBXSourcesBuildPhase;
			buildActionMask = 2147483647;
			files = (
				F4A2A18A2A34CB0500805983 /* WeatherUITests.swift in Sources */,
				F4A2A18C2A34CB0500805983 /* WeatherUITestsLaunchTests.swift in Sources */,
			);
			runOnlyForDeploymentPostprocessing = 0;
		};
/* End PBXSourcesBuildPhase section */

/* Begin PBXTargetDependency section */
		F4A2A17D2A34CB0500805983 /* PBXTargetDependency */ = {
			isa = PBXTargetDependency;
			target = F4A2A16A2A34CB0400805983 /* Weather */;
			targetProxy = F4A2A17C2A34CB0500805983 /* PBXContainerItemProxy */;
		};
		F4A2A1872A34CB0500805983 /* PBXTargetDependency */ = {
			isa = PBXTargetDependency;
			target = F4A2A16A2A34CB0400805983 /* Weather */;
			targetProxy = F4A2A1862A34CB0500805983 /* PBXContainerItemProxy */;
		};
/* End PBXTargetDependency section */

/* Begin XCBuildConfiguration section */
		F4A2A18D2A34CB0500805983 /* Debug */ = {
			isa = XCBuildConfiguration;
			buildSettings = {
				ALWAYS_SEARCH_USER_PATHS = NO;
				CLANG_ANALYZER_NONNULL = YES;
				CLANG_ANALYZER_NUMBER_OBJECT_CONVERSION = YES_AGGRESSIVE;
				CLANG_CXX_LANGUAGE_STANDARD = "gnu++20";
				CLANG_ENABLE_MODULES = YES;
				CLANG_ENABLE_OBJC_ARC = YES;
				CLANG_ENABLE_OBJC_WEAK = YES;
				CLANG_WARN_BLOCK_CAPTURE_AUTORELEASING = YES;
				CLANG_WARN_BOOL_CONVERSION = YES;
				CLANG_WARN_COMMA = YES;
				CLANG_WARN_CONSTANT_CONVERSION = YES;
				CLANG_WARN_DEPRECATED_OBJC_IMPLEMENTATIONS = YES;
				CLANG_WARN_DIRECT_OBJC_ISA_USAGE = YES_ERROR;
				CLANG_WARN_DOCUMENTATION_COMMENTS = YES;
				CLANG_WARN_EMPTY_BODY = YES;
				CLANG_WARN_ENUM_CONVERSION = YES;
				CLANG_WARN_INFINITE_RECURSION = YES;
				CLANG_WARN_INT_CONVERSION = YES;
				CLANG_WARN_NON_LITERAL_NULL_CONVERSION = YES;
				CLANG_WARN_OBJC_IMPLICIT_RETAIN_SELF = YES;
				CLANG_WARN_OBJC_LITERAL_CONVERSION = YES;
				CLANG_WARN_OBJC_ROOT_CLASS = YES_ERROR;
				CLANG_WARN_QUOTED_INCLUDE_IN_FRAMEWORK_HEADER = YES;
				CLANG_WARN_RANGE_LOOP_ANALYSIS = YES;
				CLANG_WARN_STRICT_PROTOTYPES = YES;
				CLANG_WARN_SUSPICIOUS_MOVE = YES;
				CLANG_WARN_UNGUARDED_AVAILABILITY = YES_AGGRESSIVE;
				CLANG_WARN_UNREACHABLE_CODE = YES;
				CLANG_WARN__DUPLICATE_METHOD_MATCH = YES;
				COPY_PHASE_STRIP = NO;
				DEBUG_INFORMATION_FORMAT = dwarf;
				ENABLE_STRICT_OBJC_MSGSEND = YES;
				ENABLE_TESTABILITY = YES;
				GCC_C_LANGUAGE_STANDARD = gnu11;
				GCC_DYNAMIC_NO_PIC = NO;
				GCC_NO_COMMON_BLOCKS = YES;
				GCC_OPTIMIZATION_LEVEL = 0;
				GCC_PREPROCESSOR_DEFINITIONS = (
					"DEBUG=1",
					"$(inherited)",
				);
				GCC_WARN_64_TO_32_BIT_CONVERSION = YES;
				GCC_WARN_ABOUT_RETURN_TYPE = YES_ERROR;
				GCC_WARN_UNDECLARED_SELECTOR = YES;
				GCC_WARN_UNINITIALIZED_AUTOS = YES_AGGRESSIVE;
				GCC_WARN_UNUSED_FUNCTION = YES;
				GCC_WARN_UNUSED_VARIABLE = YES;
				IPHONEOS_DEPLOYMENT_TARGET = 16.4;
				MTL_ENABLE_DEBUG_INFO = INCLUDE_SOURCE;
				MTL_FAST_MATH = YES;
				ONLY_ACTIVE_ARCH = YES;
				SDKROOT = iphoneos;
				SWIFT_ACTIVE_COMPILATION_CONDITIONS = DEBUG;
				SWIFT_OPTIMIZATION_LEVEL = "-Onone";
			};
			name = Debug;
		};
		F4A2A18E2A34CB0500805983 /* Release */ = {
			isa = XCBuildConfiguration;
			buildSettings = {
				ALWAYS_SEARCH_USER_PATHS = NO;
				CLANG_ANALYZER_NONNULL = YES;
				CLANG_ANALYZER_NUMBER_OBJECT_CONVERSION = YES_AGGRESSIVE;
				CLANG_CXX_LANGUAGE_STANDARD = "gnu++20";
				CLANG_ENABLE_MODULES = YES;
				CLANG_ENABLE_OBJC_ARC = YES;
				CLANG_ENABLE_OBJC_WEAK = YES;
				CLANG_WARN_BLOCK_CAPTURE_AUTORELEASING = YES;
				CLANG_WARN_BOOL_CONVERSION = YES;
				CLANG_WARN_COMMA = YES;
				CLANG_WARN_CONSTANT_CONVERSION = YES;
				CLANG_WARN_DEPRECATED_OBJC_IMPLEMENTATIONS = YES;
				CLANG_WARN_DIRECT_OBJC_ISA_USAGE = YES_ERROR;
				CLANG_WARN_DOCUMENTATION_COMMENTS = YES;
				CLANG_WARN_EMPTY_BODY = YES;
				CLANG_WARN_ENUM_CONVERSION = YES;
				CLANG_WARN_INFINITE_RECURSION = YES;
				CLANG_WARN_INT_CONVERSION = YES;
				CLANG_WARN_NON_LITERAL_NULL_CONVERSION = YES;
				CLANG_WARN_OBJC_IMPLICIT_RETAIN_SELF = YES;
				CLANG_WARN_OBJC_LITERAL_CONVERSION = YES;
				CLANG_WARN_OBJC_ROOT_CLASS = YES_ERROR;
				CLANG_WARN_QUOTED_INCLUDE_IN_FRAMEWORK_HEADER = YES;
				CLANG_WARN_RANGE_LOOP_ANALYSIS = YES;
				CLANG_WARN_STRICT_PROTOTYPES = YES;
				CLANG_WARN_SUSPICIOUS_MOVE = YES;
				CLANG_WARN_UNGUARDED_AVAILABILITY = YES_AGGRESSIVE;
				CLANG_WARN_UNREACHABLE_CODE = YES;
				CLANG_WARN__DUPLICATE_METHOD_MATCH = YES;
				COPY_PHASE_STRIP = NO;
				DEBUG_INFORMATION_FORMAT = "dwarf-with-dsym";
				ENABLE_NS_ASSERTIONS = NO;
				ENABLE_STRICT_OBJC_MSGSEND = YES;
				GCC_C_LANGUAGE_STANDARD = gnu11;
				GCC_NO_COMMON_BLOCKS = YES;
				GCC_WARN_64_TO_32_BIT_CONVERSION = YES;
				GCC_WARN_ABOUT_RETURN_TYPE = YES_ERROR;
				GCC_WARN_UNDECLARED_SELECTOR = YES;
				GCC_WARN_UNINITIALIZED_AUTOS = YES_AGGRESSIVE;
				GCC_WARN_UNUSED_FUNCTION = YES;
				GCC_WARN_UNUSED_VARIABLE = YES;
				IPHONEOS_DEPLOYMENT_TARGET = 16.4;
				MTL_ENABLE_DEBUG_INFO = NO;
				MTL_FAST_MATH = YES;
				SDKROOT = iphoneos;
				SWIFT_COMPILATION_MODE = wholemodule;
				SWIFT_OPTIMIZATION_LEVEL = "-O";
				VALIDATE_PRODUCT = YES;
			};
			name = Release;
		};
		F4A2A1902A34CB0500805983 /* Debug */ = {
			isa = XCBuildConfiguration;
			buildSettings = {
				ASSETCATALOG_COMPILER_APPICON_NAME = AppIcon;
				ASSETCATALOG_COMPILER_GLOBAL_ACCENT_COLOR_NAME = AccentColor;
				CODE_SIGN_STYLE = Automatic;
				CURRENT_PROJECT_VERSION = 1;
				DEVELOPMENT_ASSET_PATHS = "\"Weather/Preview Content\"";
				DEVELOPMENT_TEAM = 8RH6R2NFGU;
				ENABLE_PREVIEWS = YES;
				GENERATE_INFOPLIST_FILE = YES;
				INFOPLIST_KEY_UIApplicationSceneManifest_Generation = YES;
				INFOPLIST_KEY_UIApplicationSupportsIndirectInputEvents = YES;
				INFOPLIST_KEY_UILaunchScreen_Generation = YES;
				INFOPLIST_KEY_UISupportedInterfaceOrientations_iPad = "UIInterfaceOrientationPortrait UIInterfaceOrientationPortraitUpsideDown UIInterfaceOrientationLandscapeLeft UIInterfaceOrientationLandscapeRight";
				INFOPLIST_KEY_UISupportedInterfaceOrientations_iPhone = "UIInterfaceOrientationPortrait UIInterfaceOrientationLandscapeLeft UIInterfaceOrientationLandscapeRight";
				LD_RUNPATH_SEARCH_PATHS = (
					"$(inherited)",
					"@executable_path/Frameworks",
				);
				MARKETING_VERSION = 1.0;
				PRODUCT_BUNDLE_IDENTIFIER = com.howey.Weather;
				PRODUCT_NAME = "$(TARGET_NAME)";
				SWIFT_EMIT_LOC_STRINGS = YES;
				SWIFT_VERSION = 5.0;
				TARGETED_DEVICE_FAMILY = "1,2";
			};
			name = Debug;
		};
		F4A2A1912A34CB0500805983 /* Release */ = {
			isa = XCBuildConfiguration;
			buildSettings = {
				ASSETCATALOG_COMPILER_APPICON_NAME = AppIcon;
				ASSETCATALOG_COMPILER_GLOBAL_ACCENT_COLOR_NAME = AccentColor;
				CODE_SIGN_STYLE = Automatic;
				CURRENT_PROJECT_VERSION = 1;
				DEVELOPMENT_ASSET_PATHS = "\"Weather/Preview Content\"";
				DEVELOPMENT_TEAM = 8RH6R2NFGU;
				ENABLE_PREVIEWS = YES;
				GENERATE_INFOPLIST_FILE = YES;
				INFOPLIST_KEY_UIApplicationSceneManifest_Generation = YES;
				INFOPLIST_KEY_UIApplicationSupportsIndirectInputEvents = YES;
				INFOPLIST_KEY_UILaunchScreen_Generation = YES;
				INFOPLIST_KEY_UISupportedInterfaceOrientations_iPad = "UIInterfaceOrientationPortrait UIInterfaceOrientationPortraitUpsideDown UIInterfaceOrientationLandscapeLeft UIInterfaceOrientationLandscapeRight";
				INFOPLIST_KEY_UISupportedInterfaceOrientations_iPhone = "UIInterfaceOrientationPortrait UIInterfaceOrientationLandscapeLeft UIInterfaceOrientationLandscapeRight";
				LD_RUNPATH_SEARCH_PATHS = (
					"$(inherited)",
					"@executable_path/Frameworks",
				);
				MARKETING_VERSION = 1.0;
				PRODUCT_BUNDLE_IDENTIFIER = com.howey.Weather;
				PRODUCT_NAME = "$(TARGET_NAME)";
				SWIFT_EMIT_LOC_STRINGS = YES;
				SWIFT_VERSION = 5.0;
				TARGETED_DEVICE_FAMILY = "1,2";
			};
			name = Release;
		};
		F4A2A1932A34CB0500805983 /* Debug */ = {
			isa = XCBuildConfiguration;
			buildSettings = {
				ALWAYS_EMBED_SWIFT_STANDARD_LIBRARIES = YES;
				BUNDLE_LOADER = "$(TEST_HOST)";
				CODE_SIGN_STYLE = Automatic;
				CURRENT_PROJECT_VERSION = 1;
				DEVELOPMENT_TEAM = 8RH6R2NFGU;
				GENERATE_INFOPLIST_FILE = YES;
				IPHONEOS_DEPLOYMENT_TARGET = 16.4;
				MARKETING_VERSION = 1.0;
				PRODUCT_BUNDLE_IDENTIFIER = com.howey.WeatherTests;
				PRODUCT_NAME = "$(TARGET_NAME)";
				SWIFT_EMIT_LOC_STRINGS = NO;
				SWIFT_VERSION = 5.0;
				TARGETED_DEVICE_FAMILY = "1,2";
				TEST_HOST = "$(BUILT_PRODUCTS_DIR)/Weather.app/$(BUNDLE_EXECUTABLE_FOLDER_PATH)/Weather";
			};
			name = Debug;
		};
		F4A2A1942A34CB0500805983 /* Release */ = {
			isa = XCBuildConfiguration;
			buildSettings = {
				ALWAYS_EMBED_SWIFT_STANDARD_LIBRARIES = YES;
				BUNDLE_LOADER = "$(TEST_HOST)";
				CODE_SIGN_STYLE = Automatic;
				CURRENT_PROJECT_VERSION = 1;
				DEVELOPMENT_TEAM = 8RH6R2NFGU;
				GENERATE_INFOPLIST_FILE = YES;
				IPHONEOS_DEPLOYMENT_TARGET = 16.4;
				MARKETING_VERSION = 1.0;
				PRODUCT_BUNDLE_IDENTIFIER = com.howey.WeatherTests;
				PRODUCT_NAME = "$(TARGET_NAME)";
				SWIFT_EMIT_LOC_STRINGS = NO;
				SWIFT_VERSION = 5.0;
				TARGETED_DEVICE_FAMILY = "1,2";
				TEST_HOST = "$(BUILT_PRODUCTS_DIR)/Weather.app/$(BUNDLE_EXECUTABLE_FOLDER_PATH)/Weather";
			};
			name = Release;
		};
		F4A2A1962A34CB0500805983 /* Debug */ = {
			isa = XCBuildConfiguration;
			buildSettings = {
				ALWAYS_EMBED_SWIFT_STANDARD_LIBRARIES = YES;
				CODE_SIGN_STYLE = Automatic;
				CURRENT_PROJECT_VERSION = 1;
				DEVELOPMENT_TEAM = 8RH6R2NFGU;
				GENERATE_INFOPLIST_FILE = YES;
				MARKETING_VERSION = 1.0;
				PRODUCT_BUNDLE_IDENTIFIER = com.howey.WeatherUITests;
				PRODUCT_NAME = "$(TARGET_NAME)";
				SWIFT_EMIT_LOC_STRINGS = NO;
				SWIFT_VERSION = 5.0;
				TARGETED_DEVICE_FAMILY = "1,2";
				TEST_TARGET_NAME = Weather;
			};
			name = Debug;
		};
		F4A2A1972A34CB0500805983 /* Release */ = {
			isa = XCBuildConfiguration;
			buildSettings = {
				ALWAYS_EMBED_SWIFT_STANDARD_LIBRARIES = YES;
				CODE_SIGN_STYLE = Automatic;
				CURRENT_PROJECT_VERSION = 1;
				DEVELOPMENT_TEAM = 8RH6R2NFGU;
				GENERATE_INFOPLIST_FILE = YES;
				MARKETING_VERSION = 1.0;
				PRODUCT_BUNDLE_IDENTIFIER = com.howey.WeatherUITests;
				PRODUCT_NAME = "$(TARGET_NAME)";
				SWIFT_EMIT_LOC_STRINGS = NO;
				SWIFT_VERSION = 5.0;
				TARGETED_DEVICE_FAMILY = "1,2";
				TEST_TARGET_NAME = Weather;
			};
			name = Release;
		};
/* End XCBuildConfiguration section */

/* Begin XCConfigurationList section */
		F4A2A1662A34CB0400805983 /* Build configuration list for PBXProject "Weather" */ = {
			isa = XCConfigurationList;
			buildConfigurations = (
				F4A2A18D2A34CB0500805983 /* Debug */,
				F4A2A18E2A34CB0500805983 /* Release */,
			);
			defaultConfigurationIsVisible = 0;
			defaultConfigurationName = Release;
		};
		F4A2A18F2A34CB0500805983 /* Build configuration list for PBXNativeTarget "Weather" */ = {
			isa = XCConfigurationList;
			buildConfigurations = (
				F4A2A1902A34CB0500805983 /* Debug */,
				F4A2A1912A34CB0500805983 /* Release */,
			);
			defaultConfigurationIsVisible = 0;
			defaultConfigurationName = Release;
		};
		F4A2A1922A34CB0500805983 /* Build configuration list for PBXNativeTarget "WeatherTests" */ = {
			isa = XCConfigurationList;
			buildConfigurations = (
				F4A2A1932A34CB0500805983 /* Debug */,
				F4A2A1942A34CB0500805983 /* Release */,
			);
			defaultConfigurationIsVisible = 0;
			defaultConfigurationName = Release;
		};
		F4A2A1952A34CB0500805983 /* Build configuration list for PBXNativeTarget "WeatherUITests" */ = {
			isa = XCConfigurationList;
			buildConfigurations = (
				F4A2A1962A34CB0500805983 /* Debug */,
				F4A2A1972A34CB0500805983 /* Release */,
			);
			defaultConfigurationIsVisible = 0;
			defaultConfigurationName = Release;
		};
/* End XCConfigurationList section */
	};
	rootObject = F4A2A1632A34CB0400805983 /* Project object */;
}
